# This file is automatically @generated by Cargo.
# It is not intended for manual editing.
version = 4

[[package]]
name = "addr2line"
version = "0.25.1"
source = "registry+https://github.com/rust-lang/crates.io-index"
checksum = "1b5d307320b3181d6d7954e663bd7c774a838b8220fe0593c86d9fb09f498b4b"
dependencies = [
 "gimli",
]

[[package]]
name = "adler2"
version = "2.0.1"
source = "registry+https://github.com/rust-lang/crates.io-index"
checksum = "320119579fcad9c21884f5c4861d16174d0e06250625266f50fe6898340abefa"

[[package]]
name = "aho-corasick"
version = "1.1.3"
source = "registry+https://github.com/rust-lang/crates.io-index"
checksum = "8e60d3430d3a69478ad0993f19238d2df97c507009a52b3c10addcd7f6bcb916"
dependencies = [
 "memchr",
]

[[package]]
name = "ansi_term"
version = "0.12.1"
source = "registry+https://github.com/rust-lang/crates.io-index"
checksum = "d52a9bb7ec0cf484c551830a7ce27bd20d67eac647e1befb56b0be4ee39a55d2"
dependencies = [
 "winapi",
]

[[package]]
name = "assert_tokens_eq"
version = "0.1.0"
source = "git+https://github.com/killercup/assert_tokens_eq#81281938d24a99aefae6fa9858a0c36b3130f63c"
dependencies = [
 "ansi_term",
 "ctor 0.1.26",
 "difference",
 "output_vt100",
 "snafu",
]

[[package]]
name = "backtrace"
version = "0.3.76"
source = "registry+https://github.com/rust-lang/crates.io-index"
checksum = "bb531853791a215d7c62a30daf0dde835f381ab5de4589cfe7c649d2cbe92bd6"
dependencies = [
 "addr2line",
 "cfg-if",
 "libc",
 "miniz_oxide",
 "object",
 "rustc-demangle",
 "windows-link",
]

[[package]]
name = "cffi"
version = "0.2.0-dev"
dependencies = [
 "cffi-impl",
 "libc",
 "log",
 "url",
]

[[package]]
name = "cffi-impl"
version = "0.2.0-dev"
dependencies = [
 "assert_tokens_eq",
 "ctor 0.5.0",
 "darling",
 "heck",
 "log",
 "phf",
 "phf_codegen",
 "pretty_env_logger",
 "proc-macro2 1.0.101",
 "quote 1.0.41",
 "syn 2.0.106",
]

[[package]]
name = "cfg-if"
version = "1.0.3"
source = "registry+https://github.com/rust-lang/crates.io-index"
checksum = "2fd1289c04a9ea8cb22300a459a72a385d7c73d3259e2ed7dcb2af674838cfa9"

[[package]]
name = "ctor"
version = "0.1.26"
source = "registry+https://github.com/rust-lang/crates.io-index"
checksum = "6d2301688392eb071b0bf1a37be05c469d3cc4dbbd95df672fe28ab021e6a096"
dependencies = [
 "quote 1.0.41",
 "syn 1.0.109",
]

[[package]]
name = "ctor"
version = "0.5.0"
source = "registry+https://github.com/rust-lang/crates.io-index"
checksum = "67773048316103656a637612c4a62477603b777d91d9c62ff2290f9cde178fdb"
dependencies = [
 "ctor-proc-macro",
 "dtor",
]

[[package]]
name = "ctor-proc-macro"
version = "0.0.6"
source = "registry+https://github.com/rust-lang/crates.io-index"
checksum = "e2931af7e13dc045d8e9d26afccc6fa115d64e115c9c84b1166288b46f6782c2"

[[package]]
name = "darling"
version = "0.21.3"
source = "registry+https://github.com/rust-lang/crates.io-index"
checksum = "9cdf337090841a411e2a7f3deb9187445851f91b309c0c0a29e05f74a00a48c0"
dependencies = [
 "darling_core",
 "darling_macro",
]

[[package]]
name = "darling_core"
version = "0.21.3"
source = "registry+https://github.com/rust-lang/crates.io-index"
checksum = "1247195ecd7e3c85f83c8d2a366e4210d588e802133e1e355180a9870b517ea4"
dependencies = [
 "fnv",
 "ident_case",
 "proc-macro2 1.0.101",
 "quote 1.0.41",
 "strsim",
 "syn 2.0.106",
]

[[package]]
name = "darling_macro"
version = "0.21.3"
source = "registry+https://github.com/rust-lang/crates.io-index"
checksum = "d38308df82d1080de0afee5d069fa14b0326a88c14f15c5ccda35b4a6c414c81"
dependencies = [
 "darling_core",
 "quote 1.0.41",
 "syn 2.0.106",
]

[[package]]
name = "difference"
version = "2.0.0"
source = "registry+https://github.com/rust-lang/crates.io-index"
checksum = "524cbf6897b527295dff137cec09ecf3a05f4fddffd7dfcd1585403449e74198"

[[package]]
name = "displaydoc"
version = "0.2.5"
source = "registry+https://github.com/rust-lang/crates.io-index"
checksum = "97369cbbc041bc366949bc74d34658d6cda5621039731c6310521892a3a20ae0"
dependencies = [
 "proc-macro2 1.0.101",
 "quote 1.0.41",
 "syn 2.0.106",
]

[[package]]
name = "doc-comment"
version = "0.3.3"
source = "registry+https://github.com/rust-lang/crates.io-index"
checksum = "fea41bba32d969b513997752735605054bc0dfa92b4c56bf1189f2e174be7a10"

[[package]]
name = "dtor"
version = "0.1.0"
source = "registry+https://github.com/rust-lang/crates.io-index"
checksum = "e58a0764cddb55ab28955347b45be00ade43d4d6f3ba4bf3dc354e4ec9432934"
dependencies = [
 "dtor-proc-macro",
]

[[package]]
name = "dtor-proc-macro"
version = "0.0.6"
source = "registry+https://github.com/rust-lang/crates.io-index"
checksum = "f678cf4a922c215c63e0de95eb1ff08a958a81d47e485cf9da1e27bf6305cfa5"

[[package]]
name = "env_logger"
version = "0.10.2"
source = "registry+https://github.com/rust-lang/crates.io-index"
checksum = "4cd405aab171cb85d6735e5c8d9db038c17d3ca007a4d2c25f337935c3d90580"
dependencies = [
 "humantime",
 "is-terminal",
 "log",
 "regex",
 "termcolor",
]

[[package]]
name = "fastrand"
version = "2.3.0"
source = "registry+https://github.com/rust-lang/crates.io-index"
checksum = "37909eebbb50d72f9059c3b6d82c0463f2ff062c9e95845c43a6c9c0355411be"

[[package]]
name = "fnv"
version = "1.0.7"
source = "registry+https://github.com/rust-lang/crates.io-index"
checksum = "3f9eec918d3f24069decb9af1554cad7c880e2da24a9afd88aca000531ab82c1"

[[package]]
name = "form_urlencoded"
version = "1.2.2"
source = "registry+https://github.com/rust-lang/crates.io-index"
checksum = "cb4cb245038516f5f85277875cdaa4f7d2c9a0fa0468de06ed190163b1581fcf"
dependencies = [
 "percent-encoding",
]

[[package]]
name = "gimli"
version = "0.32.3"
source = "registry+https://github.com/rust-lang/crates.io-index"
checksum = "e629b9b98ef3dd8afe6ca2bd0f89306cec16d43d907889945bc5d6687f2f13c7"

[[package]]
name = "heck"
version = "0.5.0"
source = "registry+https://github.com/rust-lang/crates.io-index"
checksum = "2304e00983f87ffb38b55b444b5e3b60a884b5d30c0fca7d82fe33449bbe55ea"

[[package]]
name = "hermit-abi"
version = "0.5.2"
source = "registry+https://github.com/rust-lang/crates.io-index"
checksum = "fc0fef456e4baa96da950455cd02c081ca953b141298e41db3fc7e36b1da849c"

[[package]]
name = "humantime"
version = "2.3.0"
source = "registry+https://github.com/rust-lang/crates.io-index"
checksum = "135b12329e5e3ce057a9f972339ea52bc954fe1e9358ef27f95e89716fbc5424"

[[package]]
name = "icu_collections"
version = "2.0.0"
source = "registry+https://github.com/rust-lang/crates.io-index"
checksum = "200072f5d0e3614556f94a9930d5dc3e0662a652823904c3a75dc3b0af7fee47"
dependencies = [
 "displaydoc",
 "potential_utf",
 "yoke",
 "zerofrom",
 "zerovec",
]

[[package]]
name = "icu_locale_core"
version = "2.0.0"
source = "registry+https://github.com/rust-lang/crates.io-index"
checksum = "0cde2700ccaed3872079a65fb1a78f6c0a36c91570f28755dda67bc8f7d9f00a"
dependencies = [
 "displaydoc",
 "litemap",
 "tinystr",
 "writeable",
 "zerovec",
]

[[package]]
name = "icu_normalizer"
version = "2.0.0"
source = "registry+https://github.com/rust-lang/crates.io-index"
checksum = "436880e8e18df4d7bbc06d58432329d6458cc84531f7ac5f024e93deadb37979"
dependencies = [
 "displaydoc",
 "icu_collections",
 "icu_normalizer_data",
 "icu_properties",
 "icu_provider",
 "smallvec",
 "zerovec",
]

[[package]]
name = "icu_normalizer_data"
version = "2.0.0"
source = "registry+https://github.com/rust-lang/crates.io-index"
checksum = "00210d6893afc98edb752b664b8890f0ef174c8adbb8d0be9710fa66fbbf72d3"

[[package]]
name = "icu_properties"
version = "2.0.1"
source = "registry+https://github.com/rust-lang/crates.io-index"
checksum = "016c619c1eeb94efb86809b015c58f479963de65bdb6253345c1a1276f22e32b"
dependencies = [
 "displaydoc",
 "icu_collections",
 "icu_locale_core",
 "icu_properties_data",
 "icu_provider",
 "potential_utf",
 "zerotrie",
 "zerovec",
]

[[package]]
name = "icu_properties_data"
version = "2.0.1"
source = "registry+https://github.com/rust-lang/crates.io-index"
checksum = "298459143998310acd25ffe6810ed544932242d3f07083eee1084d83a71bd632"

[[package]]
name = "icu_provider"
version = "2.0.0"
source = "registry+https://github.com/rust-lang/crates.io-index"
checksum = "03c80da27b5f4187909049ee2d72f276f0d9f99a42c306bd0131ecfe04d8e5af"
dependencies = [
 "displaydoc",
 "icu_locale_core",
 "stable_deref_trait",
 "tinystr",
 "writeable",
 "yoke",
 "zerofrom",
 "zerotrie",
 "zerovec",
]

[[package]]
name = "ident_case"
version = "1.0.1"
source = "registry+https://github.com/rust-lang/crates.io-index"
checksum = "b9e0384b61958566e926dc50660321d12159025e767c18e043daf26b70104c39"

[[package]]
name = "idna"
version = "1.1.0"
source = "registry+https://github.com/rust-lang/crates.io-index"
checksum = "3b0875f23caa03898994f6ddc501886a45c7d3d62d04d2d90788d47be1b1e4de"
dependencies = [
 "idna_adapter",
 "smallvec",
 "utf8_iter",
]

[[package]]
name = "idna_adapter"
version = "1.2.1"
source = "registry+https://github.com/rust-lang/crates.io-index"
checksum = "3acae9609540aa318d1bc588455225fb2085b9ed0c4f6bd0d9d5bcd86f1a0344"
dependencies = [
 "icu_normalizer",
 "icu_properties",
]

[[package]]
name = "is-terminal"
version = "0.4.16"
source = "registry+https://github.com/rust-lang/crates.io-index"
checksum = "e04d7f318608d35d4b61ddd75cbdaee86b023ebe2bd5a66ee0915f0bf93095a9"
dependencies = [
 "hermit-abi",
 "libc",
 "windows-sys 0.59.0",
]

[[package]]
name = "libc"
version = "0.2.176"
source = "registry+https://github.com/rust-lang/crates.io-index"
checksum = "58f929b4d672ea937a23a1ab494143d968337a5f47e56d0815df1e0890ddf174"

[[package]]
name = "litemap"
version = "0.8.0"
source = "registry+https://github.com/rust-lang/crates.io-index"
checksum = "241eaef5fd12c88705a01fc1066c48c4b36e0dd4377dcdc7ec3942cea7a69956"

[[package]]
name = "log"
version = "0.4.28"
source = "registry+https://github.com/rust-lang/crates.io-index"
checksum = "34080505efa8e45a4b816c349525ebe327ceaa8559756f0356cba97ef3bf7432"

[[package]]
name = "memchr"
version = "2.7.6"
source = "registry+https://github.com/rust-lang/crates.io-index"
checksum = "f52b00d39961fc5b2736ea853c9cc86238e165017a493d1d5c8eac6bdc4cc273"

[[package]]
name = "miniz_oxide"
version = "0.8.9"
source = "registry+https://github.com/rust-lang/crates.io-index"
checksum = "1fa76a2c86f704bdb222d66965fb3d63269ce38518b83cb0575fca855ebb6316"
dependencies = [
 "adler2",
]

[[package]]
name = "object"
version = "0.37.3"
source = "registry+https://github.com/rust-lang/crates.io-index"
checksum = "ff76201f031d8863c38aa7f905eca4f53abbfa15f609db4277d44cd8938f33fe"
dependencies = [
 "memchr",
]

[[package]]
name = "output_vt100"
version = "0.1.3"
source = "registry+https://github.com/rust-lang/crates.io-index"
checksum = "628223faebab4e3e40667ee0b2336d34a5b960ff60ea743ddfdbcf7770bcfb66"
dependencies = [
 "winapi",
]

[[package]]
name = "percent-encoding"
version = "2.3.2"
source = "registry+https://github.com/rust-lang/crates.io-index"
checksum = "9b4f627cb1b25917193a259e49bdad08f671f8d9708acfd5fe0a8c1455d87220"

[[package]]
name = "phf"
version = "0.13.1"
source = "registry+https://github.com/rust-lang/crates.io-index"
checksum = "c1562dc717473dbaa4c1f85a36410e03c047b2e7df7f45ee938fbef64ae7fadf"
dependencies = [
 "phf_shared",
 "serde",
]

[[package]]
name = "phf_codegen"
version = "0.13.1"
source = "registry+https://github.com/rust-lang/crates.io-index"
checksum = "49aa7f9d80421bca176ca8dbfebe668cc7a2684708594ec9f3c0db0805d5d6e1"
dependencies = [
 "phf_generator",
 "phf_shared",
]

[[package]]
name = "phf_generator"
version = "0.13.1"
source = "registry+https://github.com/rust-lang/crates.io-index"
checksum = "135ace3a761e564ec88c03a77317a7c6b80bb7f7135ef2544dbe054243b89737"
dependencies = [
 "fastrand",
 "phf_shared",
]

[[package]]
name = "phf_shared"
version = "0.13.1"
source = "registry+https://github.com/rust-lang/crates.io-index"
checksum = "e57fef6bc5981e38c2ce2d63bfa546861309f875b8a75f092d1d54ae2d64f266"
dependencies = [
 "siphasher",
]

[[package]]
name = "potential_utf"
version = "0.1.3"
source = "registry+https://github.com/rust-lang/crates.io-index"
checksum = "84df19adbe5b5a0782edcab45899906947ab039ccf4573713735ee7de1e6b08a"
dependencies = [
 "zerovec",
]

[[package]]
name = "pretty_env_logger"
version = "0.5.0"
source = "registry+https://github.com/rust-lang/crates.io-index"
checksum = "865724d4dbe39d9f3dd3b52b88d859d66bcb2d6a0acfd5ea68a65fb66d4bdc1c"
dependencies = [
 "env_logger",
 "log",
]

[[package]]
name = "proc-macro2"
version = "0.4.30"
source = "registry+https://github.com/rust-lang/crates.io-index"
checksum = "cf3d2011ab5c909338f7887f4fc896d35932e29146c12c8d01da6b22a80ba759"
dependencies = [
 "unicode-xid",
]

[[package]]
name = "proc-macro2"
version = "1.0.101"
source = "registry+https://github.com/rust-lang/crates.io-index"
checksum = "89ae43fd86e4158d6db51ad8e2b80f313af9cc74f5c0e03ccb87de09998732de"
dependencies = [
 "unicode-ident",
]

[[package]]
name = "quote"
version = "0.6.13"
source = "registry+https://github.com/rust-lang/crates.io-index"
checksum = "6ce23b6b870e8f94f81fb0a363d65d86675884b34a09043c81e5562f11c1f8e1"
dependencies = [
 "proc-macro2 0.4.30",
]

[[package]]
name = "quote"
version = "1.0.41"
source = "registry+https://github.com/rust-lang/crates.io-index"
checksum = "ce25767e7b499d1b604768e7cde645d14cc8584231ea6b295e9c9eb22c02e1d1"
dependencies = [
 "proc-macro2 1.0.101",
]

[[package]]
name = "regex"
version = "1.11.3"
source = "registry+https://github.com/rust-lang/crates.io-index"
checksum = "8b5288124840bee7b386bc413c487869b360b2b4ec421ea56425128692f2a82c"
dependencies = [
 "aho-corasick",
 "memchr",
 "regex-automata",
 "regex-syntax",
]

[[package]]
name = "regex-automata"
version = "0.4.11"
source = "registry+https://github.com/rust-lang/crates.io-index"
checksum = "833eb9ce86d40ef33cb1306d8accf7bc8ec2bfea4355cbdebb3df68b40925cad"
dependencies = [
 "aho-corasick",
 "memchr",
 "regex-syntax",
]

[[package]]
name = "regex-syntax"
version = "0.8.6"
source = "registry+https://github.com/rust-lang/crates.io-index"
checksum = "caf4aa5b0f434c91fe5c7f1ecb6a5ece2130b02ad2a590589dda5146df959001"

[[package]]
name = "rustc-demangle"
version = "0.1.26"
source = "registry+https://github.com/rust-lang/crates.io-index"
checksum = "56f7d92ca342cea22a06f2121d944b4fd82af56988c270852495420f961d4ace"

[[package]]
name = "serde"
version = "1.0.228"
source = "registry+https://github.com/rust-lang/crates.io-index"
checksum = "9a8e94ea7f378bd32cbbd37198a4a91436180c5bb472411e48b5ec2e2124ae9e"
dependencies = [
 "serde_core",
 "serde_derive",
]

[[package]]
name = "serde_core"
version = "1.0.228"
source = "registry+https://github.com/rust-lang/crates.io-index"
checksum = "41d385c7d4ca58e59fc732af25c3983b67ac852c1a25000afe1175de458b67ad"
dependencies = [
 "serde_derive",
]

[[package]]
name = "serde_derive"
version = "1.0.228"
source = "registry+https://github.com/rust-lang/crates.io-index"
checksum = "d540f220d3187173da220f885ab66608367b6574e925011a9353e4badda91d79"
dependencies = [
 "proc-macro2 1.0.101",
 "quote 1.0.41",
 "syn 2.0.106",
]

[[package]]
name = "siphasher"
version = "1.0.1"
source = "registry+https://github.com/rust-lang/crates.io-index"
checksum = "56199f7ddabf13fe5074ce809e7d3f42b42ae711800501b5b16ea82ad029c39d"

[[package]]
name = "smallvec"
version = "1.15.1"
source = "registry+https://github.com/rust-lang/crates.io-index"
checksum = "67b1b7a3b5fe4f1376887184045fcf45c69e92af734b7aaddc05fb777b6fbd03"

[[package]]
name = "snafu"
version = "0.4.4"
source = "registry+https://github.com/rust-lang/crates.io-index"
checksum = "b028158eb06caa8345bee10cccfb25fa632beccf0ef5308832b4fd4b78a7db48"
dependencies = [
 "backtrace",
 "doc-comment",
 "snafu-derive",
]

[[package]]
name = "snafu-derive"
version = "0.4.4"
source = "registry+https://github.com/rust-lang/crates.io-index"
checksum = "bf50aaef500c248a590e2696e8bf8c7620ca2235b9bb90a70363d82dd1abec6a"
dependencies = [
 "proc-macro2 0.4.30",
 "quote 0.6.13",
 "syn 0.15.44",
]

[[package]]
name = "stable_deref_trait"
version = "1.2.0"
source = "registry+https://github.com/rust-lang/crates.io-index"
checksum = "a8f112729512f8e442d81f95a8a7ddf2b7c6b8a1a6f509a95864142b30cab2d3"

[[package]]
name = "strsim"
version = "0.11.1"
source = "registry+https://github.com/rust-lang/crates.io-index"
checksum = "7da8b5736845d9f2fcb837ea5d9e2628564b3b043a70948a3f0b778838c5fb4f"

[[package]]
name = "syn"
version = "0.15.44"
source = "registry+https://github.com/rust-lang/crates.io-index"
checksum = "9ca4b3b69a77cbe1ffc9e198781b7acb0c7365a883670e8f1c1bc66fba79a5c5"
dependencies = [
 "proc-macro2 0.4.30",
 "quote 0.6.13",
 "unicode-xid",
]

[[package]]
name = "syn"
version = "1.0.109"
source = "registry+https://github.com/rust-lang/crates.io-index"
checksum = "72b64191b275b66ffe2469e8af2c1cfe3bafa67b529ead792a6d0160888b4237"
dependencies = [
 "proc-macro2 1.0.101",
 "quote 1.0.41",
 "unicode-ident",
]

[[package]]
name = "syn"
version = "2.0.106"
source = "registry+https://github.com/rust-lang/crates.io-index"
checksum = "ede7c438028d4436d71104916910f5bb611972c5cfd7f89b8300a8186e6fada6"
dependencies = [
 "proc-macro2 1.0.101",
 "quote 1.0.41",
 "unicode-ident",
]

[[package]]
name = "synstructure"
version = "0.13.2"
source = "registry+https://github.com/rust-lang/crates.io-index"
checksum = "728a70f3dbaf5bab7f0c4b1ac8d7ae5ea60a4b5549c8a5914361c99147a709d2"
dependencies = [
 "proc-macro2 1.0.101",
 "quote 1.0.41",
 "syn 2.0.106",
]

[[package]]
name = "termcolor"
version = "1.4.1"
source = "registry+https://github.com/rust-lang/crates.io-index"
checksum = "06794f8f6c5c898b3275aebefa6b8a1cb24cd2c6c79397ab15774837a0bc5755"
dependencies = [
 "winapi-util",
]

[[package]]
name = "tinystr"
version = "0.8.1"
source = "registry+https://github.com/rust-lang/crates.io-index"
checksum = "5d4f6d1145dcb577acf783d4e601bc1d76a13337bb54e6233add580b07344c8b"
dependencies = [
 "displaydoc",
 "zerovec",
]

[[package]]
name = "unicode-ident"
version = "1.0.19"
source = "registry+https://github.com/rust-lang/crates.io-index"
checksum = "f63a545481291138910575129486daeaf8ac54aee4387fe7906919f7830c7d9d"

[[package]]
name = "unicode-xid"
version = "0.1.0"
source = "registry+https://github.com/rust-lang/crates.io-index"
checksum = "fc72304796d0818e357ead4e000d19c9c174ab23dc11093ac919054d20a6a7fc"

[[package]]
name = "url"
version = "2.5.7"
source = "registry+https://github.com/rust-lang/crates.io-index"
checksum = "08bc136a29a3d1758e07a9cca267be308aeebf5cfd5a10f3f67ab2097683ef5b"
dependencies = [
 "form_urlencoded",
 "idna",
 "percent-encoding",
 "serde",
]

[[package]]
name = "utf8_iter"
version = "1.0.4"
source = "registry+https://github.com/rust-lang/crates.io-index"
checksum = "b6c140620e7ffbb22c2dee59cafe6084a59b5ffc27a8859a5f0d494b5d52b6be"

[[package]]
name = "winapi"
version = "0.3.9"
source = "registry+https://github.com/rust-lang/crates.io-index"
checksum = "5c839a674fcd7a98952e593242ea400abe93992746761e38641405d28b00f419"
dependencies = [
 "winapi-i686-pc-windows-gnu",
 "winapi-x86_64-pc-windows-gnu",
]

[[package]]
name = "winapi-i686-pc-windows-gnu"
version = "0.4.0"
source = "registry+https://github.com/rust-lang/crates.io-index"
checksum = "ac3b87c63620426dd9b991e5ce0329eff545bccbbb34f3be09ff6fb6ab51b7b6"

[[package]]
name = "winapi-util"
version = "0.1.11"
source = "registry+https://github.com/rust-lang/crates.io-index"
checksum = "c2a7b1c03c876122aa43f3020e6c3c3ee5c05081c9a00739faf7503aeba10d22"
dependencies = [
 "windows-sys 0.61.1",
]

[[package]]
name = "winapi-x86_64-pc-windows-gnu"
version = "0.4.0"
source = "registry+https://github.com/rust-lang/crates.io-index"
checksum = "712e227841d057c1ee1cd2fb22fa7e5a5461ae8e48fa2ca79ec42cfc1931183f"

[[package]]
name = "windows-link"
version = "0.2.0"
source = "registry+https://github.com/rust-lang/crates.io-index"
checksum = "45e46c0661abb7180e7b9c281db115305d49ca1709ab8242adf09666d2173c65"

[[package]]
name = "windows-sys"
version = "0.59.0"
source = "registry+https://github.com/rust-lang/crates.io-index"
checksum = "1e38bc4d79ed67fd075bcc251a1c39b32a1776bbe92e5bef1f0bf1f8c531853b"
dependencies = [
 "windows-targets",
]

[[package]]
name = "windows-sys"
version = "0.61.1"
source = "registry+https://github.com/rust-lang/crates.io-index"
checksum = "6f109e41dd4a3c848907eb83d5a42ea98b3769495597450cf6d153507b166f0f"
dependencies = [
 "windows-link",
]

[[package]]
name = "windows-targets"
version = "0.52.6"
source = "registry+https://github.com/rust-lang/crates.io-index"
checksum = "9b724f72796e036ab90c1021d4780d4d3d648aca59e491e6b98e725b84e99973"
dependencies = [
 "windows_aarch64_gnullvm",
 "windows_aarch64_msvc",
 "windows_i686_gnu",
 "windows_i686_gnullvm",
 "windows_i686_msvc",
 "windows_x86_64_gnu",
 "windows_x86_64_gnullvm",
 "windows_x86_64_msvc",
]

[[package]]
name = "windows_aarch64_gnullvm"
version = "0.52.6"
source = "registry+https://github.com/rust-lang/crates.io-index"
checksum = "32a4622180e7a0ec044bb555404c800bc9fd9ec262ec147edd5989ccd0c02cd3"

[[package]]
name = "windows_aarch64_msvc"
version = "0.52.6"
source = "registry+https://github.com/rust-lang/crates.io-index"
checksum = "09ec2a7bb152e2252b53fa7803150007879548bc709c039df7627cabbd05d469"

[[package]]
name = "windows_i686_gnu"
version = "0.52.6"
source = "registry+https://github.com/rust-lang/crates.io-index"
checksum = "8e9b5ad5ab802e97eb8e295ac6720e509ee4c243f69d781394014ebfe8bbfa0b"

[[package]]
name = "windows_i686_gnullvm"
version = "0.52.6"
source = "registry+https://github.com/rust-lang/crates.io-index"
checksum = "0eee52d38c090b3caa76c563b86c3a4bd71ef1a819287c19d586d7334ae8ed66"

[[package]]
name = "windows_i686_msvc"
version = "0.52.6"
source = "registry+https://github.com/rust-lang/crates.io-index"
checksum = "240948bc05c5e7c6dabba28bf89d89ffce3e303022809e73deaefe4f6ec56c66"

[[package]]
name = "windows_x86_64_gnu"
version = "0.52.6"
source = "registry+https://github.com/rust-lang/crates.io-index"
checksum = "147a5c80aabfbf0c7d901cb5895d1de30ef2907eb21fbbab29ca94c5b08b1a78"

[[package]]
name = "windows_x86_64_gnullvm"
version = "0.52.6"
source = "registry+https://github.com/rust-lang/crates.io-index"
checksum = "24d5b23dc417412679681396f2b49f3de8c1473deb516bd34410872eff51ed0d"

[[package]]
name = "windows_x86_64_msvc"
version = "0.52.6"
source = "registry+https://github.com/rust-lang/crates.io-index"
checksum = "589f6da84c646204747d1270a2a5661ea66ed1cced2631d546fdfb155959f9ec"

[[package]]
name = "writeable"
version = "0.6.1"
source = "registry+https://github.com/rust-lang/crates.io-index"
checksum = "ea2f10b9bb0928dfb1b42b65e1f9e36f7f54dbdf08457afefb38afcdec4fa2bb"

[[package]]
name = "yoke"
version = "0.8.0"
source = "registry+https://github.com/rust-lang/crates.io-index"
checksum = "5f41bb01b8226ef4bfd589436a297c53d118f65921786300e427be8d487695cc"
dependencies = [
 "serde",
 "stable_deref_trait",
 "yoke-derive",
 "zerofrom",
]

[[package]]
name = "yoke-derive"
version = "0.8.0"
source = "registry+https://github.com/rust-lang/crates.io-index"
checksum = "38da3c9736e16c5d3c8c597a9aaa5d1fa565d0532ae05e27c24aa62fb32c0ab6"
dependencies = [
 "proc-macro2 1.0.101",
 "quote 1.0.41",
 "syn 2.0.106",
 "synstructure",
]

[[package]]
name = "zerofrom"
version = "0.1.6"
source = "registry+https://github.com/rust-lang/crates.io-index"
checksum = "50cc42e0333e05660c3587f3bf9d0478688e15d870fab3346451ce7f8c9fbea5"
dependencies = [
 "zerofrom-derive",
]

[[package]]
name = "zerofrom-derive"
version = "0.1.6"
source = "registry+https://github.com/rust-lang/crates.io-index"
checksum = "d71e5d6e06ab090c67b5e44993ec16b72dcbaabc526db883a360057678b48502"
dependencies = [
 "proc-macro2 1.0.101",
 "quote 1.0.41",
 "syn 2.0.106",
 "synstructure",
]

[[package]]
name = "zerotrie"
version = "0.2.2"
source = "registry+https://github.com/rust-lang/crates.io-index"
checksum = "36f0bbd478583f79edad978b407914f61b2972f5af6fa089686016be8f9af595"
dependencies = [
 "displaydoc",
 "yoke",
 "zerofrom",
]

[[package]]
name = "zerovec"
version = "0.11.4"
source = "registry+https://github.com/rust-lang/crates.io-index"
checksum = "e7aa2bd55086f1ab526693ecbe444205da57e25f4489879da80635a46d90e73b"
dependencies = [
 "yoke",
 "zerofrom",
 "zerovec-derive",
]

[[package]]
name = "zerovec-derive"
version = "0.11.1"
source = "registry+https://github.com/rust-lang/crates.io-index"
checksum = "5b96237efa0c878c64bd89c436f661be4e46b2f3eff1ebb976f7ef2321d2f58f"
dependencies = [
 "proc-macro2 1.0.101",
 "quote 1.0.41",
 "syn 2.0.106",
]
